// !$*UTF8*$!
{
    archiveVersion = 1;
    classes = {
    };
    objectVersion = 56;
    objects = {
        /* Begin PBXBuildFile section */
        1234567890ABCDEF /* QuotesApp.swift in Sources */ = {isa = PBXBuildFile; fileRef = 1234567890ABCDE0 /* QuotesApp.swift */; };
        1234567890ABCDE1 /* Quote.swift in Sources */ = {isa = PBXBuildFile; fileRef = 1234567890ABCDE2 /* Quote.swift */; };
        1234567890ABCDE3 /* QuoteRepository.swift in Sources */ = {isa = PBXBuildFile; fileRef = 1234567890ABCDE4 /* QuoteRepository.swift */; };
        1234567890ABCDE5 /* QuoteUseCases.swift in Sources */ = {isa = PBXBuildFile; fileRef = 1234567890ABCDE6 /* QuoteUseCases.swift */; };
        1234567890ABCDE7 /* CoreDataQuoteRepository.swift in Sources */ = {isa = PBXBuildFile; fileRef = 1234567890ABCDE8 /* CoreDataQuoteRepository.swift */; };
        1234567890ABCDE9 /* QuotesViewModel.swift in Sources */ = {isa = PBXBuildFile; fileRef = 1234567890ABCDEA /* QuotesViewModel.swift */; };
        1234567890ABCDEB /* QuotesView.swift in Sources */ = {isa = PBXBuildFile; fileRef = 1234567890ABCDEC /* QuotesView.swift */; };
        1234567890ABCDED /* SettingsView.swift in Sources */ = {isa = PBXBuildFile; fileRef = 1234567890ABCDEE /* SettingsView.swift */; };
        1234567890ABCDEF /* LocalizationManager.swift in Sources */ = {isa = PBXBuildFile; fileRef = 1234567890ABCDF0 /* LocalizationManager.swift */; };
        1234567890ABCDF1 /* ThemeManager.swift in Sources */ = {isa = PBXBuildFile; fileRef = 1234567890ABCDF2 /* ThemeManager.swift */; };
        1234567890ABCDF3 /* QuoteWidget.swift in Sources */ = {isa = PBXBuildFile; fileRef = 1234567890ABCDF4 /* QuoteWidget.swift */; };
        /* End PBXBuildFile section */
        
        /* Begin PBXFileReference section */
        1234567890ABCDE0 /* QuotesApp.swift */ = {isa = PBXFileReference; lastKnownFileType = sourcecode.swift; path = QuotesApp.swift; sourceTree = "<group>"; };
        1234567890ABCDE2 /* Quote.swift */ = {isa = PBXFileReference; lastKnownFileType = sourcecode.swift; path = Quote.swift; sourceTree = "<group>"; };
        1234567890ABCDE4 /* QuoteRepository.swift */ = {isa = PBXFileReference; lastKnownFileType = sourcecode.swift; path = QuoteRepository.swift; sourceTree = "<group>"; };
        1234567890ABCDE6 /* QuoteUseCases.swift */ = {isa = PBXFileReference; lastKnownFileType = sourcecode.swift; path = QuoteUseCases.swift; sourceTree = "<group>"; };
        1234567890ABCDE8 /* CoreDataQuoteRepository.swift */ = {isa = PBXFileReference; lastKnownFileType = sourcecode.swift; path = CoreDataQuoteRepository.swift; sourceTree = "<group>"; };
        1234567890ABCDEA /* QuotesViewModel.swift */ = {isa = PBXFileReference; lastKnownFileType = sourcecode.swift; path = QuotesViewModel.swift; sourceTree = "<group>"; };
        1234567890ABCDEC /* QuotesView.swift */ = {isa = PBXFileReference; lastKnownFileType = sourcecode.swift; path = QuotesView.swift; sourceTree = "<group>"; };
        1234567890ABCDEE /* SettingsView.swift */ = {isa = PBXFileReference; lastKnownFileType = sourcecode.swift; path = SettingsView.swift; sourceTree = "<group>"; };
        1234567890ABCDF0 /* LocalizationManager.swift */ = {isa = PBXFileReference; lastKnownFileType = sourcecode.swift; path = LocalizationManager.swift; sourceTree = "<group>"; };
        1234567890ABCDF2 /* ThemeManager.swift */ = {isa = PBXFileReference; lastKnownFileType = sourcecode.swift; path = ThemeManager.swift; sourceTree = "<group>"; };
        1234567890ABCDF4 /* QuoteWidget.swift */ = {isa = PBXFileReference; lastKnownFileType = sourcecode.swift; path = QuoteWidget.swift; sourceTree = "<group>"; };
        /* End PBXFileReference section */
        
        /* Begin PBXFrameworksBuildPhase section */
        1234567890ABCDE5 /* Frameworks */ = {
            isa = PBXFrameworksBuildPhase;
            buildActionMask = 2147483647;
            files = (
            );
            runOnlyForDeploymentPostprocessing = 0;
        };
        /* End PBXFrameworksBuildPhase section */
        
        /* Begin PBXGroup section */
        1234567890ABCDE6 /* Quotes */ = {
            isa = PBXGroup;
            children = (
                1234567890ABCDE7 /* App */,
                1234567890ABCDE8 /* Domain */,
                1234567890ABCDE9 /* Data */,
                1234567890ABCDEA /* Presentation */,
                1234567890ABCDEB /* Resources */,
                1234567890ABCDEC /* Widget */,
            );
            path = Quotes;
            sourceTree = "<group>";
        };
        1234567890ABCDE7 /* App */ = {
            isa = PBXGroup;
            children = (
                1234567890ABCDE0 /* QuotesApp.swift */,
            );
            path = App;
            sourceTree = "<group>";
        };
        1234567890ABCDE8 /* Domain */ = {
            isa = PBXGroup;
            children = (
                1234567890ABCDE9 /* Entities */,
                1234567890ABCDEA /* Interfaces */,
                1234567890ABCDEB /* UseCases */,
            );
            path = Domain;
            sourceTree = "<group>";
        };
        1234567890ABCDE9 /* Entities */ = {
            isa = PBXGroup;
            children = (
                1234567890ABCDE2 /* Quote.swift */,
            );
            path = Entities;
            sourceTree = "<group>";
        };
        1234567890ABCDEA /* Interfaces */ = {
            isa = PBXGroup;
            children = (
                1234567890ABCDE4 /* QuoteRepository.swift */,
            );
            path = Interfaces;
            sourceTree = "<group>";
        };
        1234567890ABCDEB /* UseCases */ = {
            isa = PBXGroup;
            children = (
                1234567890ABCDE6 /* QuoteUseCases.swift */,
            );
            path = UseCases;
            sourceTree = "<group>";
        };
        1234567890ABCDEC /* Data */ = {
            isa = PBXGroup;
            children = (
                1234567890ABCDED /* Models */,
                1234567890ABCDEE /* Repositories */,
            );
            path = Data;
            sourceTree = "<group>";
        };
        1234567890ABCDED /* Models */ = {
            isa = PBXGroup;
            children = (
            );
            path = Models;
            sourceTree = "<group>";
        };
        1234567890ABCDEE /* Repositories */ = {
            isa = PBXGroup;
            children = (
                1234567890ABCDE8 /* CoreDataQuoteRepository.swift */,
            );
            path = Repositories;
            sourceTree = "<group>";
        };
        1234567890ABCDEF /* Presentation */ = {
            isa = PBXGroup;
            children = (
                1234567890ABCDF0 /* Helpers */,
                1234567890ABCDF1 /* ViewModels */,
                1234567890ABCDF2 /* Views */,
            );
            path = Presentation;
            sourceTree = "<group>";
        };
        1234567890ABCDF0 /* Helpers */ = {
            isa = PBXGroup;
            children = (
                1234567890ABCDF3 /* LocalizationManager.swift */,
                1234567890ABCDF4 /* ThemeManager.swift */,
            );
            path = Helpers;
            sourceTree = "<group>";
        };
        1234567890ABCDF1 /* ViewModels */ = {
            isa = PBXGroup;
            children = (
                1234567890ABCDF5 /* QuotesViewModel.swift */,
            );
            path = ViewModels;
            sourceTree = "<group>";
        };
        1234567890ABCDF2 /* Views */ = {
            isa = PBXGroup;
            children = (
                1234567890ABCDF6 /* QuotesView.swift */,
                1234567890ABCDF7 /* SettingsView.swift */,
            );
            path = Views;
            sourceTree = "<group>";
        };
        1234567890ABCDF3 /* Resources */ = {
            isa = PBXGroup;
            children = (
                1234567890ABCDF4 /* Localization */,
                1234567890ABCDF5 /* StoreKit */,
            );
            path = Resources;
            sourceTree = "<group>";
        };
        1234567890ABCDF4 /* Localization */ = {
            isa = PBXGroup;
            children = (
            );
            path = Localization;
            sourceTree = "<group>";
        };
        1234567890ABCDF5 /* StoreKit */ = {
            isa = PBXGroup;
            children = (
            );
            path = StoreKit;
            sourceTree = "<group>";
        };
        1234567890ABCDF6 /* Widget */ = {
            isa = PBXGroup;
            children = (
                1234567890ABCDF4 /* QuoteWidget.swift */,
            );
            path = Widget;
            sourceTree = "<group>";
        };
        /* End PBXGroup section */
        
        /* Begin PBXNativeTarget section */
        1234567890ABCDE7 /* Quotes */ = {
            isa = PBXNativeTarget;
            buildConfigurationList = 1234567890ABCDE8;
            buildPhases = (
                1234567890ABCDE9 /* Sources */,
                1234567890ABCDEA /* Frameworks */,
                1234567890ABCDEB /* Resources */,
            );
            buildRules = (
            );
            dependencies = (
            );
            name = Quotes;
            productName = Quotes;
            productReference = 1234567890ABCDEC;
            productType = "com.apple.product-type.application";
        };
        1234567890ABCDE8 /* QuotesWidget */ = {
            isa = PBXNativeTarget;
            buildConfigurationList = 1234567890ABCDE9;
            buildPhases = (
                1234567890ABCDEA /* Sources */,
                1234567890ABCDEB /* Resources */,
            );
            buildRules = (
            );
            dependencies = (
                1234567890ABCDE7 /* Quotes */,
            );
            name = QuotesWidget;
            productName = QuotesWidget;
            productReference = 1234567890ABCDED;
            productType = "com.apple.product-type.widget-extension";
        };
        /* End PBXNativeTarget section */
        
        /* Begin PBXProject section */
        1234567890ABCDE9 /* Project object */ = {
            isa = PBXProject;
            attributes = {
                BuildIndependentTargetsInParallel = 1;
                LastSwiftUpdateCheck = 1500;
                LastUpgradeCheck = 1500;
                TargetAttributes = {
                    1234567890ABCDE7 = {
                        CreatedOnToolsVersion = 15.0;
                    };
                    1234567890ABCDE8 = {
                        CreatedOnToolsVersion = 15.0;
                    };
                };
            };
            buildConfigurationList = 1234567890ABCDEA;
            compatibilityVersion = "Xcode 14.0";
            developmentRegion = en;
            hasScannedForEncodings = 0;
            knownRegions = (
                en,
                Base,
                de,
            );
            mainGroup = 1234567890ABCDEB;
            productRefGroup = 1234567890ABCDEC;
            projectDirPath = "";
            projectRoot = "";
            targets = (
                1234567890ABCDE7,
                1234567890ABCDE8,
            );
        };
        /* End PBXProject section */
        
        /* Begin PBXResourcesBuildPhase section */
        1234567890ABCDEB /* Resources */ = {
            isa = PBXResourcesBuildPhase;
            buildActionMask = 2147483647;
            files = (
            );
            runOnlyForDeploymentPostprocessing = 0;
        };
        /* End PBXResourcesBuildPhase section */
        
        /* Begin PBXSourcesBuildPhase section */
        1234567890ABCDE9 /* Sources */ = {
            isa = PBXSourcesBuildPhase;
            buildActionMask = 2147483647;
            files = (
                1234567890ABCDEF /* QuotesApp.swift in Sources */,
                1234567890ABCDE1 /* Quote.swift in Sources */,
                1234567890ABCDE3 /* QuoteRepository.swift in Sources */,
                1234567890ABCDE5 /* QuoteUseCases.swift in Sources */,
                1234567890ABCDE7 /* CoreDataQuoteRepository.swift in Sources */,
                1234567890ABCDE9 /* QuotesViewModel.swift in Sources */,
                1234567890ABCDEB /* QuotesView.swift in Sources */,
                1234567890ABCDED /* SettingsView.swift in Sources */,
                1234567890ABCDEF /* LocalizationManager.swift in Sources */,
                1234567890ABCDF1 /* ThemeManager.swift in Sources */,
            );
            runOnlyForDeploymentPostprocessing = 0;
        };
        /* End PBXSourcesBuildPhase section */
        
        /* Begin XCBuildConfiguration section */
        1234567890ABCDEA /* Debug */ = {
            isa = XCBuildConfiguration;
            buildSettings = {
                ALWAYS_SEARCH_USER_PATHS = NO;
                ASSETCATALOG_COMPILER_APPICON_NAME = AppIcon;
                CLANG_ANALYZER_NONNULL = YES;
                CLANG_ANALYZER_NUMBER_OBJECT_CONVERSION = YES_AGGRESSIVE;
                CLANG_CXX_LANGUAGE_STANDARD = "gnu++20";
                CLANG_ENABLE_MODULES = YES;
                CLANG_ENABLE_OBJC_ARC = YES;
                CLANG_ENABLE_OBJC_WEAK = YES;
                CLANG_WARN_BLOCK_CAPTURE_AUTORELEASING = YES;
                CLANG_WARN_BOOL_CONVERSION = YES;
                CLANG_WARN_COMMA = YES;
                CLANG_WARN_CONSTANT_CONVERSION = YES;
                CLANG_WARN_DEPRECATED_OBJC_IMPLEMENTATIONS = YES;
                CLANG_WARN_DIRECT_OBJC_ISA_USAGE = YES_ERROR;
                CLANG_WARN_DOCUMENTATION_COMMENTS = YES;
                CLANG_WARN_EMPTY_BODY = YES;
                CLANG_WARN_ENUM_CONVERSION = YES;
                CLANG_WARN_INFINITE_RECURSION = YES;
                CLANG_WARN_INT_CONVERSION = YES;
                CLANG_WARN_NON_LITERAL_NULL_CONVERSION = YES;
                CLANG_WARN_OBJC_IMPLICIT_RETAIN_SELF = YES;
                CLANG_WARN_OBJC_LITERAL_CONVERSION = YES;
                CLANG_WARN_OBJC_ROOT_CLASS = YES_ERROR;
                CLANG_WARN_QUOTED_INCLUDE_IN_FRAMEWORK_HEADER = YES;
                CLANG_WARN_RANGE_LOOP_ANALYSIS = YES;
                CLANG_WARN_STRICT_PROTOTYPES = YES;
                CLANG_WARN_SUSPICIOUS_MOVE = YES;
                CLANG_WARN_UNGUARDED_AVAILABILITY = YES_AGGRESSIVE;
                CLANG_WARN_UNREACHABLE_CODE = YES;
                CLANG_WARN__DUPLICATE_METHOD_MATCH = YES;
                COPY_PHASE_STRIP = NO;
                DEBUG_INFORMATION_FORMAT = dwarf;
                ENABLE_STRICT_OBJC_MSGSEND = YES;
                ENABLE_TESTABILITY = YES;
                ENABLE_USER_SCRIPT_SANDBOXING = YES;
                GCC_C_LANGUAGE_STANDARD = gnu17;
                GCC_DYNAMIC_NO_PIC = NO;
                GCC_NO_COMMON_BLOCKS = YES;
                GCC_OPTIMIZATION_LEVEL = 0;
                GCC_PREPROCESSOR_DEFINITIONS = (
                    "DEBUG=1",
                    "$(inherited)",
                );
                GCC_WARN_64_TO_32_BIT_CONVERSION = YES;
                GCC_WARN_ABOUT_RETURN_TYPE = YES_ERROR;
                GCC_WARN_UNDECLARED_SELECTOR = YES;
                GCC_WARN_UNINITIALIZED_AUTOS = YES_AGGRESSIVE;
                GCC_WARN_UNUSED_FUNCTION = YES;
                GCC_WARN_UNUSED_VARIABLE = YES;
                IPHONEOS_DEPLOYMENT_TARGET = 15.0;
                LOCALIZATION_PREFERS_STRING_CATALOGS = YES;
                MTL_ENABLE_DEBUG_INFO = INCLUDE_SOURCE;
                MTL_FAST_MATH = YES;
                ONLY_ACTIVE_ARCH = YES;
                SDKROOT = iphoneos;
                SWIFT_ACTIVE_COMPILATION_CONDITIONS = "DEBUG $(inherited)";
                SWIFT_OPTIMIZATION_LEVEL = "-Onone";
            };
            name = Debug;
        };
        1234567890ABCDEB /* Release */ = {
            isa = XCBuildConfiguration;
            buildSettings = {
                ALWAYS_SEARCH_USER_PATHS = NO;
                ASSETCATALOG_COMPILER_APPICON_NAME = AppIcon;
                CLANG_ANALYZER_NONNULL = YES;
                CLANG_ANALYZER_NUMBER_OBJECT_CONVERSION = YES_AGGRESSIVE;
                CLANG_CXX_LANGUAGE_STANDARD = "gnu++20";
                CLANG_ENABLE_MODULES = YES;
                CLANG_ENABLE_OBJC_ARC = YES;
                CLANG_ENABLE_OBJC_WEAK = YES;
                CLANG_WARN_BLOCK_CAPTURE_AUTORELEASING = YES;
                CLANG_WARN_BOOL_CONVERSION = YES;
                CLANG_WARN_COMMA = YES;
                CLANG_WARN_CONSTANT_CONVERSION = YES;
                CLANG_WARN_DEPRECATED_OBJC_IMPLEMENTATIONS = YES;
                CLANG_WARN_DIRECT_OBJC_ISA_USAGE = YES_ERROR;
                CLANG_WARN_DOCUMENTATION_COMMENTS = YES;
                CLANG_WARN_EMPTY_BODY = YES;
                CLANG_WARN_ENUM_CONVERSION = YES;
                CLANG_WARN_INFINITE_RECURSION = YES;
                CLANG_WARN_INT_CONVERSION = YES;
                CLANG_WARN_NON_LITERAL_NULL_CONVERSION = YES;
                CLANG_WARN_OBJC_IMPLICIT_RETAIN_SELF = YES;
                CLANG_WARN_OBJC_LITERAL_CONVERSION = YES;
                CLANG_WARN_OBJC_ROOT_CLASS = YES_ERROR;
                CLANG_WARN_QUOTED_INCLUDE_IN_FRAMEWORK_HEADER = YES;
                CLANG_WARN_RANGE_LOOP_ANALYSIS = YES;
                CLANG_WARN_STRICT_PROTOTYPES = YES;
                CLANG_WARN_SUSPICIOUS_MOVE = YES;
                CLANG_WARN_UNGUARDED_AVAILABILITY = YES_AGGRESSIVE;
                CLANG_WARN_UNREACHABLE_CODE = YES;
                CLANG_WARN__DUPLICATE_METHOD_MATCH = YES;
                COPY_PHASE_STRIP = NO;
                DEBUG_INFORMATION_FORMAT = "dwarf-with-dsym";
                ENABLE_NS_ASSERTIONS = NO;
                ENABLE_STRICT_OBJC_MSGSEND = YES;
                ENABLE_USER_SCRIPT_SANDBOXING = YES;
                GCC_C_LANGUAGE_STANDARD = gnu17;
                GCC_NO_COMMON_BLOCKS = YES;
                GCC_WARN_64_TO_32_BIT_CONVERSION = YES;
                GCC_WARN_ABOUT_RETURN_TYPE = YES_ERROR;
                GCC_WARN_UNDECLARED_SELECTOR = YES;
                GCC_WARN_UNINITIALIZED_AUTOS = YES_AGGRESSIVE;
                GCC_WARN_UNUSED_FUNCTION = YES;
                GCC_WARN_UNUSED_VARIABLE = YES;
                IPHONEOS_DEPLOYMENT_TARGET = 15.0;
                LOCALIZATION_PREFERS_STRING_CATALOGS = YES;
                MTL_ENABLE_DEBUG_INFO = NO;
                MTL_FAST_MATH = YES;
                SDKROOT = iphoneos;
                SWIFT_COMPILATION_MODE = wholemodule;
                SWIFT_OPTIMIZATION_LEVEL = "-O";
                VALIDATE_PRODUCT = YES;
            };
            name = Release;
        };
        /* End XCBuildConfiguration section */
        
        /* Begin XCConfigurationList section */
        1234567890ABCDE8 /* Build configuration list for PBXProject "Quotes" */ = {
            isa = XCConfigurationList;
            buildConfigurations = (
                1234567890ABCDEA /* Debug */,
                1234567890ABCDEB /* Release */,
            );
            defaultConfigurationIsVisible = 0;
            defaultConfigurationName = Release;
        };
        1234567890ABCDE9 /* Build configuration list for PBXNativeTarget "Quotes" */ = {
            isa = XCConfigurationList;
            buildConfigurations = (
                1234567890ABCDEA /* Debug */,
                1234567890ABCDEB /* Release */,
            );
            defaultConfigurationIsVisible = 0;
            defaultConfigurationName = Release;
        };
        1234567890ABCDEA /* Build configuration list for PBXNativeTarget "QuotesWidget" */ = {
            isa = XCConfigurationList;
            buildConfigurations = (
                1234567890ABCDEA /* Debug */,
                1234567890ABCDEB /* Release */,
            );
            defaultConfigurationIsVisible = 0;
            defaultConfigurationName = Release;
        };
        /* End XCConfigurationList section */
    };
    rootObject = 1234567890ABCDE9 /* Project object */;
} 